
Microsoft Visual Studio Solution File, Format Version 12.00
# Visual Studio Version 16
VisualStudioVersion = 16.0.30413.136
MinimumVisualStudioVersion = 10.0.40219.1
Project("{FAE04EC0-301F-11D3-BF4B-00C04F79EFBC}") = "Bai_2", "Bai_2\Bai_2.csproj", "{AEE2816A-7301-4558-B97B-3EAF959CA879}"
EndProject
Global
	GlobalSection(SolutionConfigurationPlatforms) = preSolution
		Debug|Any CPU = Debug|Any CPU
		Release|Any CPU = Release|Any CPU
	EndGlobalSection
	GlobalSection(ProjectConfigurationPlatforms) = postSolution
		{AEE2816A-7301-4558-B97B-3EAF959CA879}.Debug|Any CPU.ActiveCfg = Debug|Any CPU
		{AEE2816A-7301-4558-B97B-3EAF959CA879}.Debug|Any CPU.Build.0 = Debug|Any CPU
		{AEE2816A-7301-4558-B97B-3EAF959CA879}.Release|Any CPU.ActiveCfg = Release|Any CPU
		{AEE2816A-7301-4558-B97B-3EAF959CA879}.Release|Any CPU.Build.0 = Release|Any CPU
	EndGlobalSection
	GlobalSection(SolutionProperties) = preSolution
		HideSolutionNode = FALSE
	EndGlobalSection
	GlobalSection(ExtensibilityGlobals) = postSolution
		SolutionGuid = {50ED0982-80F2-4860-B53C-E4B5A80DC8DA}
	EndGlobalSection
EndGlobal
